
Microsoft Visual Studio Solution File, Format Version 12.00
# Visual Studio Version 17
VisualStudioVersion = 17.7.34031.279
MinimumVisualStudioVersion = 10.0.40219.1
Project("{FAE04EC0-301F-11D3-BF4B-00C04F79EFBC}") = "Knight_tour", "Knight_tour\Knight_tour.csproj", "{9B4AF81E-723B-4655-91D4-D6141EB68E56}"
EndProject
Global
	GlobalSection(SolutionConfigurationPlatforms) = preSolution
		Debug|Any CPU = Debug|Any CPU
		Release|Any CPU = Release|Any CPU
	EndGlobalSection
	GlobalSection(ProjectConfigurationPlatforms) = postSolution
		{9B4AF81E-723B-4655-91D4-D6141EB68E56}.Debug|Any CPU.ActiveCfg = Debug|Any CPU
		{9B4AF81E-723B-4655-91D4-D6141EB68E56}.Debug|Any CPU.Build.0 = Debug|Any CPU
		{9B4AF81E-723B-4655-91D4-D6141EB68E56}.Release|Any CPU.ActiveCfg = Release|Any CPU
		{9B4AF81E-723B-4655-91D4-D6141EB68E56}.Release|Any CPU.Build.0 = Release|Any CPU
	EndGlobalSection
	GlobalSection(SolutionProperties) = preSolution
		HideSolutionNode = FALSE
	EndGlobalSection
	GlobalSection(ExtensibilityGlobals) = postSolution
		SolutionGuid = {F884BC54-7860-4428-8A4C-97F73B1F2E42}
	EndGlobalSection
EndGlobal
